
Microsoft Visual Studio Solution File, Format Version 12.00
# Visual Studio Version 17
VisualStudioVersion = 17.13.35818.85
MinimumVisualStudioVersion = 10.0.40219.1
Project("{FAE04EC0-301F-11D3-BF4B-00C04F79EFBC}") = "Shopping Cart", "Shopping Cart\Shopping Cart.csproj", "{4C59AD84-CCC5-448A-AB76-D97F9FA66CFF}"
EndProject
Global
	GlobalSection(SolutionConfigurationPlatforms) = preSolution
		Debug|Any CPU = Debug|Any CPU
		Release|Any CPU = Release|Any CPU
	EndGlobalSection
	GlobalSection(ProjectConfigurationPlatforms) = postSolution
		{4C59AD84-CCC5-448A-AB76-D97F9FA66CFF}.Debug|Any CPU.ActiveCfg = Debug|Any CPU
		{4C59AD84-CCC5-448A-AB76-D97F9FA66CFF}.Debug|Any CPU.Build.0 = Debug|Any CPU
		{4C59AD84-CCC5-448A-AB76-D97F9FA66CFF}.Release|Any CPU.ActiveCfg = Release|Any CPU
		{4C59AD84-CCC5-448A-AB76-D97F9FA66CFF}.Release|Any CPU.Build.0 = Release|Any CPU
	EndGlobalSection
	GlobalSection(SolutionProperties) = preSolution
		HideSolutionNode = FALSE
	EndGlobalSection
	GlobalSection(ExtensibilityGlobals) = postSolution
		SolutionGuid = {26D3DE75-A7F2-4B1E-BDE1-7DF73950FC93}
	EndGlobalSection
EndGlobal
